# Version choices are pinned for reproducibility. Last reviewed: 2026-08-31.

BEHAVIOR_1K_TAG=v3.7.2
BEHAVIOR_1K_COMMIT=88454bd04f75dc57c00ab1f1a00bcde1ff505950
BEHAVIOR_1K_UPSTREAM=https://github.com/StanfordVL/BEHAVIOR-1K.git

# The independent BEHAVIOR Pixi project pins this Python / simulator stack.
PYTHON_VERSION=3.10
PYTHON_RESOLVED_VERSION=3.10.21
ISAAC_SIM_VERSION=4.5.0
ISAAC_SIM_PACKAGE_VERSION=4.5.0.0
ISAAC_SIM_INSTALL_METHOD=behavior_pip_wheels_via_pixi_setup
ISAAC_SIM_LEGACY_GLIBC_WORKAROUND=manylinux_2_34_to_manylinux_2_31
OMNIGIBSON_PACKAGE_VERSION=3.7.2
BDDL_PACKAGE_VERSION=3.7.0
PYTORCH_VERSION=2.6.0+cu124
TORCHVISION_VERSION=0.21.0+cu124
TORCHAUDIO_VERSION=2.6.0+cu124
PYTORCH_CUDA_VERSION=12.4
HUGGINGFACE_HUB_VERSION=1.29.0
HF_XET_VERSION=1.6.0
SOCKSIO_VERSION=1.0.0

# Pixi activation default for this workspace's simulator tasks.
DEFAULT_OMNIGIBSON_GPU_ID=1
